
Microsoft Visual Studio Solution File, Format Version 12.00
# Visual Studio Version 16
VisualStudioVersion = 16.0.31112.23
MinimumVisualStudioVersion = 10.0.40219.1
Project("{FAE04EC0-301F-11D3-BF4B-00C04F79EFBC}") = "02RepositoryPattern_Console", "02RepositoryPatter_Repository\02RepositoryPattern_Console.csproj", "{EF845DE9-699D-4383-B031-D055E831221C}"
EndProject
Project("{FAE04EC0-301F-11D3-BF4B-00C04F79EFBC}") = "02RepositoryPattern_Repository", "02RepositoryPattern_Repository\02RepositoryPattern_Repository.csproj", "{7CC2B2C0-B0F3-4B99-B458-D73A2645812C}"
EndProject
Project("{FAE04EC0-301F-11D3-BF4B-00C04F79EFBC}") = "02RepositoryPattern_Tests", "02RepositoryPattern_Tests\02RepositoryPattern_Tests.csproj", "{DDE6D9FB-FE85-43FD-B356-6A2EAAE1D030}"
EndProject
Global
	GlobalSection(SolutionConfigurationPlatforms) = preSolution
		Debug|Any CPU = Debug|Any CPU
		Release|Any CPU = Release|Any CPU
	EndGlobalSection
	GlobalSection(ProjectConfigurationPlatforms) = postSolution
		{EF845DE9-699D-4383-B031-D055E831221C}.Debug|Any CPU.ActiveCfg = Debug|Any CPU
		{EF845DE9-699D-4383-B031-D055E831221C}.Debug|Any CPU.Build.0 = Debug|Any CPU
		{EF845DE9-699D-4383-B031-D055E831221C}.Release|Any CPU.ActiveCfg = Release|Any CPU
		{EF845DE9-699D-4383-B031-D055E831221C}.Release|Any CPU.Build.0 = Release|Any CPU
		{7CC2B2C0-B0F3-4B99-B458-D73A2645812C}.Debug|Any CPU.ActiveCfg = Debug|Any CPU
		{7CC2B2C0-B0F3-4B99-B458-D73A2645812C}.Debug|Any CPU.Build.0 = Debug|Any CPU
		{7CC2B2C0-B0F3-4B99-B458-D73A2645812C}.Release|Any CPU.ActiveCfg = Release|Any CPU
		{7CC2B2C0-B0F3-4B99-B458-D73A2645812C}.Release|Any CPU.Build.0 = Release|Any CPU
		{DDE6D9FB-FE85-43FD-B356-6A2EAAE1D030}.Debug|Any CPU.ActiveCfg = Debug|Any CPU
		{DDE6D9FB-FE85-43FD-B356-6A2EAAE1D030}.Debug|Any CPU.Build.0 = Debug|Any CPU
		{DDE6D9FB-FE85-43FD-B356-6A2EAAE1D030}.Release|Any CPU.ActiveCfg = Release|Any CPU
		{DDE6D9FB-FE85-43FD-B356-6A2EAAE1D030}.Release|Any CPU.Build.0 = Release|Any CPU
	EndGlobalSection
	GlobalSection(SolutionProperties) = preSolution
		HideSolutionNode = FALSE
	EndGlobalSection
	GlobalSection(ExtensibilityGlobals) = postSolution
		SolutionGuid = {48A9ABCE-36F3-41A4-BC6D-71FAE3A7AE18}
	EndGlobalSection
EndGlobal
